{
  "version": "4",
  "specifiers": {
    "npm:@trpc/server@11": "11.0.0_typescript@5.8.2"
  },
  "npm": {
    "@trpc/server@11.0.0_typescript@5.8.2": {
      "integrity": "sha512-xY9q/b/wR/tWGYTm5xmRjivkYD2EZZXmOKmHuNJRYZuLbieeNUsdfQRjJC409WB1pjKWInomhHwuA8bahZJ4lQ==",
      "dependencies": [
        "typescript"
      ]
    },
    "typescript@5.8.2": {
      "integrity": "sha512-aJn6wq13/afZp/jT9QZmwEjDqqvSGp1VT5GVg+f/t6/oVyrgXM6BY1h9BRh/O5p3PlUPAe+WuiEZOmb/49RqoQ=="
    }
  },
  "workspace": {
    "members": {
      "apps/api": {
        "dependencies": [
          "npm:@trpc/server@11"
        ]
      }
    }
  }
}
